
Microsoft Visual Studio Solution File, Format Version 12.00
Project("{FAE04EC0-301F-11D3-BF4B-00C04F79EFBC}") = "FutFut.Identity.Service", "FutFut.Identity\src\FutFut.Identity.Service\FutFut.Identity.Service.csproj", "{4947441A-D8F5-4EFF-9B39-1310D5E0AE85}"
EndProject
Project("{2150E333-8FDC-42A3-9474-1A3956D46DE8}") = "FutFut.Common", "FutFut.Common", "{AFB6E1C1-FEF2-B24F-C1FA-BEB1F1E48A9B}"
EndProject
Project("{2150E333-8FDC-42A3-9474-1A3956D46DE8}") = "src", "src", "{1A223019-1AF8-A753-6521-83DFD48DA9D1}"
EndProject
Project("{FAE04EC0-301F-11D3-BF4B-00C04F79EFBC}") = "FutFut.Common", "FutFut.Common\src\FutFut.Common\FutFut.Common.csproj", "{689C224B-AE9D-43FD-878C-A10A6F81EF6F}"
EndProject
Project("{FAE04EC0-301F-11D3-BF4B-00C04F79EFBC}") = "FutFut.Profile.Service", "FutFut.Profile\src\FutFut.Profile.Service\FutFut.Profile.Service.csproj", "{3843E272-085F-43B4-819C-2CC04A63C392}"
EndProject
Project("{2150E333-8FDC-42A3-9474-1A3956D46DE8}") = "FutFut.Notify", "FutFut.Notify", "{EAA41C76-1C79-4C05-4949-F000999384D8}"
EndProject
Project("{2150E333-8FDC-42A3-9474-1A3956D46DE8}") = "src", "src", "{FDFD29A0-7945-5B63-6DC8-3DAB75F17289}"
EndProject
Project("{FAE04EC0-301F-11D3-BF4B-00C04F79EFBC}") = "FutFut.Notify.Service", "FutFut.Notify\src\FutFut.Notify.Service\FutFut.Notify.Service.csproj", "{3AA4A4D0-5ADF-4EFD-9CD4-720B89CC2B3F}"
EndProject
Project("{2150E333-8FDC-42A3-9474-1A3956D46DE8}") = "FutFut.Identity", "FutFut.Identity", "{66578A7E-B303-FB4D-EC36-602F25416362}"
EndProject
Project("{2150E333-8FDC-42A3-9474-1A3956D46DE8}") = "src", "src", "{B86FD75B-9A95-9BCE-5B60-2D8C7EB012BE}"
EndProject
Project("{FAE04EC0-301F-11D3-BF4B-00C04F79EFBC}") = "FutFut.Identity.Contracts", "FutFut.Identity\src\FutFut.Identity.Contracts\FutFut.Identity.Contracts.csproj", "{9408D5AC-037F-4DE0-9E95-A7515DF65E65}"
EndProject
Project("{FAE04EC0-301F-11D3-BF4B-00C04F79EFBC}") = "FutFut.Notify.Contracts", "FutFut.Notify\src\FutFut.Notify.Contracts\FutFut.Notify.Contracts.csproj", "{BC3E3842-AC7F-4427-93A3-B93C37514C82}"
EndProject
Project("{2150E333-8FDC-42A3-9474-1A3956D46DE8}") = "FutFut.Profile", "FutFut.Profile", "{54C43809-5B9C-4404-9757-73A2ACB331A5}"
EndProject
Project("{2150E333-8FDC-42A3-9474-1A3956D46DE8}") = "src", "src", "{2EC8CD60-D316-19A8-0123-1783B0C13495}"
EndProject
Project("{FAE04EC0-301F-11D3-BF4B-00C04F79EFBC}") = "FutFut.Profile.Contracts", "FutFut.Profile\src\FutFut.Profile.Contracts\FutFut.Profile.Contracts.csproj", "{491BC1FB-4207-4EFD-BA56-EF4701CBF400}"
EndProject
Project("{2150E333-8FDC-42A3-9474-1A3956D46DE8}") = "FutFut.Billing", "FutFut.Billing", "{EC7B313B-28BA-A2A0-9178-F625DD79DA5A}"
EndProject
Project("{2150E333-8FDC-42A3-9474-1A3956D46DE8}") = "src", "src", "{6970967B-23C5-18AF-66E0-53F3C1415929}"
EndProject
Project("{FAE04EC0-301F-11D3-BF4B-00C04F79EFBC}") = "FutFut.Billing.Service", "FutFut.Billing\src\FutFut.Billing.Service\FutFut.Billing.Service.csproj", "{C98E4177-A2E3-4F1B-8468-36C5C4626475}"
EndProject
Project("{2150E333-8FDC-42A3-9474-1A3956D46DE8}") = "FutFut.Songs", "FutFut.Songs", "{2E9B1163-431F-3B73-E03A-8CA582664A49}"
EndProject
Project("{2150E333-8FDC-42A3-9474-1A3956D46DE8}") = "src", "src", "{F7A0E575-F61A-F31A-216C-5B26BFD072AA}"
EndProject
Project("{FAE04EC0-301F-11D3-BF4B-00C04F79EFBC}") = "FutFut.Songs.Service", "FutFut.Songs\src\FutFut.Songs.Service\FutFut.Songs.Service.csproj", "{D23AB999-5BC7-4FF5-99B0-1B385AE2DEB0}"
EndProject
Global
	GlobalSection(SolutionConfigurationPlatforms) = preSolution
		Debug|Any CPU = Debug|Any CPU
		Debug|x64 = Debug|x64
		Debug|x86 = Debug|x86
		Release|Any CPU = Release|Any CPU
		Release|x64 = Release|x64
		Release|x86 = Release|x86
	EndGlobalSection
	GlobalSection(ProjectConfigurationPlatforms) = postSolution
		{4947441A-D8F5-4EFF-9B39-1310D5E0AE85}.Debug|Any CPU.ActiveCfg = Debug|Any CPU
		{4947441A-D8F5-4EFF-9B39-1310D5E0AE85}.Debug|Any CPU.Build.0 = Debug|Any CPU
		{4947441A-D8F5-4EFF-9B39-1310D5E0AE85}.Debug|x64.ActiveCfg = Debug|Any CPU
		{4947441A-D8F5-4EFF-9B39-1310D5E0AE85}.Debug|x64.Build.0 = Debug|Any CPU
		{4947441A-D8F5-4EFF-9B39-1310D5E0AE85}.Debug|x86.ActiveCfg = Debug|Any CPU
		{4947441A-D8F5-4EFF-9B39-1310D5E0AE85}.Debug|x86.Build.0 = Debug|Any CPU
		{4947441A-D8F5-4EFF-9B39-1310D5E0AE85}.Release|Any CPU.ActiveCfg = Release|Any CPU
		{4947441A-D8F5-4EFF-9B39-1310D5E0AE85}.Release|Any CPU.Build.0 = Release|Any CPU
		{4947441A-D8F5-4EFF-9B39-1310D5E0AE85}.Release|x64.ActiveCfg = Release|Any CPU
		{4947441A-D8F5-4EFF-9B39-1310D5E0AE85}.Release|x64.Build.0 = Release|Any CPU
		{4947441A-D8F5-4EFF-9B39-1310D5E0AE85}.Release|x86.ActiveCfg = Release|Any CPU
		{4947441A-D8F5-4EFF-9B39-1310D5E0AE85}.Release|x86.Build.0 = Release|Any CPU
		{689C224B-AE9D-43FD-878C-A10A6F81EF6F}.Debug|Any CPU.ActiveCfg = Debug|Any CPU
		{689C224B-AE9D-43FD-878C-A10A6F81EF6F}.Debug|Any CPU.Build.0 = Debug|Any CPU
		{689C224B-AE9D-43FD-878C-A10A6F81EF6F}.Debug|x64.ActiveCfg = Debug|Any CPU
		{689C224B-AE9D-43FD-878C-A10A6F81EF6F}.Debug|x64.Build.0 = Debug|Any CPU
		{689C224B-AE9D-43FD-878C-A10A6F81EF6F}.Debug|x86.ActiveCfg = Debug|Any CPU
		{689C224B-AE9D-43FD-878C-A10A6F81EF6F}.Debug|x86.Build.0 = Debug|Any CPU
		{689C224B-AE9D-43FD-878C-A10A6F81EF6F}.Release|Any CPU.ActiveCfg = Release|Any CPU
		{689C224B-AE9D-43FD-878C-A10A6F81EF6F}.Release|Any CPU.Build.0 = Release|Any CPU
		{689C224B-AE9D-43FD-878C-A10A6F81EF6F}.Release|x64.ActiveCfg = Release|Any CPU
		{689C224B-AE9D-43FD-878C-A10A6F81EF6F}.Release|x64.Build.0 = Release|Any CPU
		{689C224B-AE9D-43FD-878C-A10A6F81EF6F}.Release|x86.ActiveCfg = Release|Any CPU
		{689C224B-AE9D-43FD-878C-A10A6F81EF6F}.Release|x86.Build.0 = Release|Any CPU
		{3843E272-085F-43B4-819C-2CC04A63C392}.Debug|Any CPU.ActiveCfg = Debug|Any CPU
		{3843E272-085F-43B4-819C-2CC04A63C392}.Debug|Any CPU.Build.0 = Debug|Any CPU
		{3843E272-085F-43B4-819C-2CC04A63C392}.Debug|x64.ActiveCfg = Debug|Any CPU
		{3843E272-085F-43B4-819C-2CC04A63C392}.Debug|x64.Build.0 = Debug|Any CPU
		{3843E272-085F-43B4-819C-2CC04A63C392}.Debug|x86.ActiveCfg = Debug|Any CPU
		{3843E272-085F-43B4-819C-2CC04A63C392}.Debug|x86.Build.0 = Debug|Any CPU
		{3843E272-085F-43B4-819C-2CC04A63C392}.Release|Any CPU.ActiveCfg = Release|Any CPU
		{3843E272-085F-43B4-819C-2CC04A63C392}.Release|Any CPU.Build.0 = Release|Any CPU
		{3843E272-085F-43B4-819C-2CC04A63C392}.Release|x64.ActiveCfg = Release|Any CPU
		{3843E272-085F-43B4-819C-2CC04A63C392}.Release|x64.Build.0 = Release|Any CPU
		{3843E272-085F-43B4-819C-2CC04A63C392}.Release|x86.ActiveCfg = Release|Any CPU
		{3843E272-085F-43B4-819C-2CC04A63C392}.Release|x86.Build.0 = Release|Any CPU
		{3AA4A4D0-5ADF-4EFD-9CD4-720B89CC2B3F}.Debug|Any CPU.ActiveCfg = Debug|Any CPU
		{3AA4A4D0-5ADF-4EFD-9CD4-720B89CC2B3F}.Debug|Any CPU.Build.0 = Debug|Any CPU
		{3AA4A4D0-5ADF-4EFD-9CD4-720B89CC2B3F}.Debug|x64.ActiveCfg = Debug|Any CPU
		{3AA4A4D0-5ADF-4EFD-9CD4-720B89CC2B3F}.Debug|x64.Build.0 = Debug|Any CPU
		{3AA4A4D0-5ADF-4EFD-9CD4-720B89CC2B3F}.Debug|x86.ActiveCfg = Debug|Any CPU
		{3AA4A4D0-5ADF-4EFD-9CD4-720B89CC2B3F}.Debug|x86.Build.0 = Debug|Any CPU
		{3AA4A4D0-5ADF-4EFD-9CD4-720B89CC2B3F}.Release|Any CPU.ActiveCfg = Release|Any CPU
		{3AA4A4D0-5ADF-4EFD-9CD4-720B89CC2B3F}.Release|Any CPU.Build.0 = Release|Any CPU
		{3AA4A4D0-5ADF-4EFD-9CD4-720B89CC2B3F}.Release|x64.ActiveCfg = Release|Any CPU
		{3AA4A4D0-5ADF-4EFD-9CD4-720B89CC2B3F}.Release|x64.Build.0 = Release|Any CPU
		{3AA4A4D0-5ADF-4EFD-9CD4-720B89CC2B3F}.Release|x86.ActiveCfg = Release|Any CPU
		{3AA4A4D0-5ADF-4EFD-9CD4-720B89CC2B3F}.Release|x86.Build.0 = Release|Any CPU
		{9408D5AC-037F-4DE0-9E95-A7515DF65E65}.Debug|Any CPU.ActiveCfg = Debug|Any CPU
		{9408D5AC-037F-4DE0-9E95-A7515DF65E65}.Debug|Any CPU.Build.0 = Debug|Any CPU
		{9408D5AC-037F-4DE0-9E95-A7515DF65E65}.Debug|x64.ActiveCfg = Debug|Any CPU
		{9408D5AC-037F-4DE0-9E95-A7515DF65E65}.Debug|x64.Build.0 = Debug|Any CPU
		{9408D5AC-037F-4DE0-9E95-A7515DF65E65}.Debug|x86.ActiveCfg = Debug|Any CPU
		{9408D5AC-037F-4DE0-9E95-A7515DF65E65}.Debug|x86.Build.0 = Debug|Any CPU
		{9408D5AC-037F-4DE0-9E95-A7515DF65E65}.Release|Any CPU.ActiveCfg = Release|Any CPU
		{9408D5AC-037F-4DE0-9E95-A7515DF65E65}.Release|Any CPU.Build.0 = Release|Any CPU
		{9408D5AC-037F-4DE0-9E95-A7515DF65E65}.Release|x64.ActiveCfg = Release|Any CPU
		{9408D5AC-037F-4DE0-9E95-A7515DF65E65}.Release|x64.Build.0 = Release|Any CPU
		{9408D5AC-037F-4DE0-9E95-A7515DF65E65}.Release|x86.ActiveCfg = Release|Any CPU
		{9408D5AC-037F-4DE0-9E95-A7515DF65E65}.Release|x86.Build.0 = Release|Any CPU
		{BC3E3842-AC7F-4427-93A3-B93C37514C82}.Debug|Any CPU.ActiveCfg = Debug|Any CPU
		{BC3E3842-AC7F-4427-93A3-B93C37514C82}.Debug|Any CPU.Build.0 = Debug|Any CPU
		{BC3E3842-AC7F-4427-93A3-B93C37514C82}.Debug|x64.ActiveCfg = Debug|Any CPU
		{BC3E3842-AC7F-4427-93A3-B93C37514C82}.Debug|x64.Build.0 = Debug|Any CPU
		{BC3E3842-AC7F-4427-93A3-B93C37514C82}.Debug|x86.ActiveCfg = Debug|Any CPU
		{BC3E3842-AC7F-4427-93A3-B93C37514C82}.Debug|x86.Build.0 = Debug|Any CPU
		{BC3E3842-AC7F-4427-93A3-B93C37514C82}.Release|Any CPU.ActiveCfg = Release|Any CPU
		{BC3E3842-AC7F-4427-93A3-B93C37514C82}.Release|Any CPU.Build.0 = Release|Any CPU
		{BC3E3842-AC7F-4427-93A3-B93C37514C82}.Release|x64.ActiveCfg = Release|Any CPU
		{BC3E3842-AC7F-4427-93A3-B93C37514C82}.Release|x64.Build.0 = Release|Any CPU
		{BC3E3842-AC7F-4427-93A3-B93C37514C82}.Release|x86.ActiveCfg = Release|Any CPU
		{BC3E3842-AC7F-4427-93A3-B93C37514C82}.Release|x86.Build.0 = Release|Any CPU
		{491BC1FB-4207-4EFD-BA56-EF4701CBF400}.Debug|Any CPU.ActiveCfg = Debug|Any CPU
		{491BC1FB-4207-4EFD-BA56-EF4701CBF400}.Debug|Any CPU.Build.0 = Debug|Any CPU
		{491BC1FB-4207-4EFD-BA56-EF4701CBF400}.Debug|x64.ActiveCfg = Debug|Any CPU
		{491BC1FB-4207-4EFD-BA56-EF4701CBF400}.Debug|x64.Build.0 = Debug|Any CPU
		{491BC1FB-4207-4EFD-BA56-EF4701CBF400}.Debug|x86.ActiveCfg = Debug|Any CPU
		{491BC1FB-4207-4EFD-BA56-EF4701CBF400}.Debug|x86.Build.0 = Debug|Any CPU
		{491BC1FB-4207-4EFD-BA56-EF4701CBF400}.Release|Any CPU.ActiveCfg = Release|Any CPU
		{491BC1FB-4207-4EFD-BA56-EF4701CBF400}.Release|Any CPU.Build.0 = Release|Any CPU
		{491BC1FB-4207-4EFD-BA56-EF4701CBF400}.Release|x64.ActiveCfg = Release|Any CPU
		{491BC1FB-4207-4EFD-BA56-EF4701CBF400}.Release|x64.Build.0 = Release|Any CPU
		{491BC1FB-4207-4EFD-BA56-EF4701CBF400}.Release|x86.ActiveCfg = Release|Any CPU
		{491BC1FB-4207-4EFD-BA56-EF4701CBF400}.Release|x86.Build.0 = Release|Any CPU
		{C98E4177-A2E3-4F1B-8468-36C5C4626475}.Debug|Any CPU.ActiveCfg = Debug|Any CPU
		{C98E4177-A2E3-4F1B-8468-36C5C4626475}.Debug|Any CPU.Build.0 = Debug|Any CPU
		{C98E4177-A2E3-4F1B-8468-36C5C4626475}.Debug|x64.ActiveCfg = Debug|Any CPU
		{C98E4177-A2E3-4F1B-8468-36C5C4626475}.Debug|x64.Build.0 = Debug|Any CPU
		{C98E4177-A2E3-4F1B-8468-36C5C4626475}.Debug|x86.ActiveCfg = Debug|Any CPU
		{C98E4177-A2E3-4F1B-8468-36C5C4626475}.Debug|x86.Build.0 = Debug|Any CPU
		{C98E4177-A2E3-4F1B-8468-36C5C4626475}.Release|Any CPU.ActiveCfg = Release|Any CPU
		{C98E4177-A2E3-4F1B-8468-36C5C4626475}.Release|Any CPU.Build.0 = Release|Any CPU
		{C98E4177-A2E3-4F1B-8468-36C5C4626475}.Release|x64.ActiveCfg = Release|Any CPU
		{C98E4177-A2E3-4F1B-8468-36C5C4626475}.Release|x64.Build.0 = Release|Any CPU
		{C98E4177-A2E3-4F1B-8468-36C5C4626475}.Release|x86.ActiveCfg = Release|Any CPU
		{C98E4177-A2E3-4F1B-8468-36C5C4626475}.Release|x86.Build.0 = Release|Any CPU
		{D23AB999-5BC7-4FF5-99B0-1B385AE2DEB0}.Debug|Any CPU.ActiveCfg = Debug|Any CPU
		{D23AB999-5BC7-4FF5-99B0-1B385AE2DEB0}.Debug|Any CPU.Build.0 = Debug|Any CPU
		{D23AB999-5BC7-4FF5-99B0-1B385AE2DEB0}.Debug|x64.ActiveCfg = Debug|Any CPU
		{D23AB999-5BC7-4FF5-99B0-1B385AE2DEB0}.Debug|x64.Build.0 = Debug|Any CPU
		{D23AB999-5BC7-4FF5-99B0-1B385AE2DEB0}.Debug|x86.ActiveCfg = Debug|Any CPU
		{D23AB999-5BC7-4FF5-99B0-1B385AE2DEB0}.Debug|x86.Build.0 = Debug|Any CPU
		{D23AB999-5BC7-4FF5-99B0-1B385AE2DEB0}.Release|Any CPU.ActiveCfg = Release|Any CPU
		{D23AB999-5BC7-4FF5-99B0-1B385AE2DEB0}.Release|Any CPU.Build.0 = Release|Any CPU
		{D23AB999-5BC7-4FF5-99B0-1B385AE2DEB0}.Release|x64.ActiveCfg = Release|Any CPU
		{D23AB999-5BC7-4FF5-99B0-1B385AE2DEB0}.Release|x64.Build.0 = Release|Any CPU
		{D23AB999-5BC7-4FF5-99B0-1B385AE2DEB0}.Release|x86.ActiveCfg = Release|Any CPU
		{D23AB999-5BC7-4FF5-99B0-1B385AE2DEB0}.Release|x86.Build.0 = Release|Any CPU
	EndGlobalSection
	GlobalSection(SolutionProperties) = preSolution
		HideSolutionNode = FALSE
	EndGlobalSection
	GlobalSection(NestedProjects) = preSolution
		{1A223019-1AF8-A753-6521-83DFD48DA9D1} = {AFB6E1C1-FEF2-B24F-C1FA-BEB1F1E48A9B}
		{689C224B-AE9D-43FD-878C-A10A6F81EF6F} = {1A223019-1AF8-A753-6521-83DFD48DA9D1}
		{FDFD29A0-7945-5B63-6DC8-3DAB75F17289} = {EAA41C76-1C79-4C05-4949-F000999384D8}
		{3AA4A4D0-5ADF-4EFD-9CD4-720B89CC2B3F} = {FDFD29A0-7945-5B63-6DC8-3DAB75F17289}
		{B86FD75B-9A95-9BCE-5B60-2D8C7EB012BE} = {66578A7E-B303-FB4D-EC36-602F25416362}
		{9408D5AC-037F-4DE0-9E95-A7515DF65E65} = {B86FD75B-9A95-9BCE-5B60-2D8C7EB012BE}
		{BC3E3842-AC7F-4427-93A3-B93C37514C82} = {FDFD29A0-7945-5B63-6DC8-3DAB75F17289}
		{2EC8CD60-D316-19A8-0123-1783B0C13495} = {54C43809-5B9C-4404-9757-73A2ACB331A5}
		{491BC1FB-4207-4EFD-BA56-EF4701CBF400} = {2EC8CD60-D316-19A8-0123-1783B0C13495}
		{6970967B-23C5-18AF-66E0-53F3C1415929} = {EC7B313B-28BA-A2A0-9178-F625DD79DA5A}
		{C98E4177-A2E3-4F1B-8468-36C5C4626475} = {6970967B-23C5-18AF-66E0-53F3C1415929}
		{F7A0E575-F61A-F31A-216C-5B26BFD072AA} = {2E9B1163-431F-3B73-E03A-8CA582664A49}
		{D23AB999-5BC7-4FF5-99B0-1B385AE2DEB0} = {F7A0E575-F61A-F31A-216C-5B26BFD072AA}
	EndGlobalSection
EndGlobal
